
Microsoft Visual Studio Solution File, Format Version 12.00
# Visual Studio Version 17
VisualStudioVersion = 17.4.33110.190
MinimumVisualStudioVersion = 10.0.40219.1
Project("{2150E333-8FDC-42A3-9474-1A3956D46DE8}") = "Services", "Services", "{78C11990-DB2B-48E0-A742-DDD6B4653DF5}"
EndProject
Project("{2150E333-8FDC-42A3-9474-1A3956D46DE8}") = "Blog", "Blog", "{6D037871-43DC-417F-83B1-E2A9B6CC63D9}"
EndProject
Project("{2150E333-8FDC-42A3-9474-1A3956D46DE8}") = "Home", "Home", "{11C647F7-C3C0-4F75-BDD3-40A44AA429B9}"
EndProject
Project("{2150E333-8FDC-42A3-9474-1A3956D46DE8}") = "Portfolio", "Portfolio", "{F49B1F92-242F-46BF-B70C-CB0A368D1492}"
EndProject
Project("{2150E333-8FDC-42A3-9474-1A3956D46DE8}") = "Project", "Project", "{BBCCB0C0-5137-404D-B857-F25758823AB1}"
EndProject
Project("{2150E333-8FDC-42A3-9474-1A3956D46DE8}") = "Shared", "Shared", "{99050B81-1E80-424A-9191-7FC1793E22FE}"
EndProject
Project("{2150E333-8FDC-42A3-9474-1A3956D46DE8}") = "Web Apps", "Web Apps", "{84BB0908-ADCA-4434-A9F4-1FDDECB335E4}"
EndProject
Project("{9A19103F-16F7-4668-BE54-9A1E7A4F7556}") = "Home.API", "Services\Home\Home.API\Home.API.csproj", "{2946999E-654C-4704-9DA4-62BE35CD3A00}"
EndProject
Project("{9A19103F-16F7-4668-BE54-9A1E7A4F7556}") = "SharedKernel.Utils", "Shared\SharedKernel.Utils\SharedKernel.Utils.csproj", "{86F13A17-AC30-46CE-8940-B9016D17B82F}"
EndProject
Project("{9A19103F-16F7-4668-BE54-9A1E7A4F7556}") = "SharedKernel.WebApps", "Shared\SharedKernel.WebApps\SharedKernel.WebApps.csproj", "{F52B9611-D460-4124-BF49-A321705B4FBA}"
EndProject
Project("{9A19103F-16F7-4668-BE54-9A1E7A4F7556}") = "Web", "Web Apps\Web\Web.csproj", "{9073926E-9ED7-4786-A464-B44DFE5DDB51}"
EndProject
Global
	GlobalSection(SolutionConfigurationPlatforms) = preSolution
		Debug|Any CPU = Debug|Any CPU
		Release|Any CPU = Release|Any CPU
	EndGlobalSection
	GlobalSection(ProjectConfigurationPlatforms) = postSolution
		{2946999E-654C-4704-9DA4-62BE35CD3A00}.Debug|Any CPU.ActiveCfg = Debug|Any CPU
		{2946999E-654C-4704-9DA4-62BE35CD3A00}.Debug|Any CPU.Build.0 = Debug|Any CPU
		{2946999E-654C-4704-9DA4-62BE35CD3A00}.Release|Any CPU.ActiveCfg = Release|Any CPU
		{2946999E-654C-4704-9DA4-62BE35CD3A00}.Release|Any CPU.Build.0 = Release|Any CPU
		{86F13A17-AC30-46CE-8940-B9016D17B82F}.Debug|Any CPU.ActiveCfg = Debug|Any CPU
		{86F13A17-AC30-46CE-8940-B9016D17B82F}.Debug|Any CPU.Build.0 = Debug|Any CPU
		{86F13A17-AC30-46CE-8940-B9016D17B82F}.Release|Any CPU.ActiveCfg = Release|Any CPU
		{86F13A17-AC30-46CE-8940-B9016D17B82F}.Release|Any CPU.Build.0 = Release|Any CPU
		{F52B9611-D460-4124-BF49-A321705B4FBA}.Debug|Any CPU.ActiveCfg = Debug|Any CPU
		{F52B9611-D460-4124-BF49-A321705B4FBA}.Debug|Any CPU.Build.0 = Debug|Any CPU
		{F52B9611-D460-4124-BF49-A321705B4FBA}.Release|Any CPU.ActiveCfg = Release|Any CPU
		{F52B9611-D460-4124-BF49-A321705B4FBA}.Release|Any CPU.Build.0 = Release|Any CPU
		{9073926E-9ED7-4786-A464-B44DFE5DDB51}.Debug|Any CPU.ActiveCfg = Debug|Any CPU
		{9073926E-9ED7-4786-A464-B44DFE5DDB51}.Debug|Any CPU.Build.0 = Debug|Any CPU
		{9073926E-9ED7-4786-A464-B44DFE5DDB51}.Release|Any CPU.ActiveCfg = Release|Any CPU
		{9073926E-9ED7-4786-A464-B44DFE5DDB51}.Release|Any CPU.Build.0 = Release|Any CPU
	EndGlobalSection
	GlobalSection(SolutionProperties) = preSolution
		HideSolutionNode = FALSE
	EndGlobalSection
	GlobalSection(NestedProjects) = preSolution
		{6D037871-43DC-417F-83B1-E2A9B6CC63D9} = {78C11990-DB2B-48E0-A742-DDD6B4653DF5}
		{11C647F7-C3C0-4F75-BDD3-40A44AA429B9} = {78C11990-DB2B-48E0-A742-DDD6B4653DF5}
		{F49B1F92-242F-46BF-B70C-CB0A368D1492} = {78C11990-DB2B-48E0-A742-DDD6B4653DF5}
		{BBCCB0C0-5137-404D-B857-F25758823AB1} = {78C11990-DB2B-48E0-A742-DDD6B4653DF5}
		{2946999E-654C-4704-9DA4-62BE35CD3A00} = {11C647F7-C3C0-4F75-BDD3-40A44AA429B9}
		{86F13A17-AC30-46CE-8940-B9016D17B82F} = {99050B81-1E80-424A-9191-7FC1793E22FE}
		{F52B9611-D460-4124-BF49-A321705B4FBA} = {99050B81-1E80-424A-9191-7FC1793E22FE}
		{9073926E-9ED7-4786-A464-B44DFE5DDB51} = {84BB0908-ADCA-4434-A9F4-1FDDECB335E4}
	EndGlobalSection
	GlobalSection(ExtensibilityGlobals) = postSolution
		SolutionGuid = {325C1610-39CA-4DF2-A36D-22EBB2321E97}
	EndGlobalSection
EndGlobal
