
Microsoft Visual Studio Solution File, Format Version 12.00
# Visual Studio Version 17
VisualStudioVersion = 17.4.33110.190
MinimumVisualStudioVersion = 10.0.40219.1
Project("{2150E333-8FDC-42A3-9474-1A3956D46DE8}") = "Nexus", "Nexus", "{E24ABCC1-5B0D-430D-82AD-448B9FBB83D0}"
EndProject
Project("{2150E333-8FDC-42A3-9474-1A3956D46DE8}") = "SharedKernel", "SharedKernel", "{9D4A8E00-7955-40CE-9F56-8C7B7F29B07B}"
EndProject
Project("{2150E333-8FDC-42A3-9474-1A3956D46DE8}") = "Portfolio", "Portfolio", "{9576DF73-C258-4106-A6C2-AB209E1DC1B7}"
EndProject
Project("{2150E333-8FDC-42A3-9474-1A3956D46DE8}") = "Blog", "Blog", "{1E8C5877-21C6-4285-BF89-2C2D01480B21}"
EndProject
Project("{2150E333-8FDC-42A3-9474-1A3956D46DE8}") = "Project", "Project", "{B3E65247-0C93-4806-81D6-42695727FEB5}"
EndProject
Project("{2150E333-8FDC-42A3-9474-1A3956D46DE8}") = "Service", "Service", "{D10A92BF-89A1-4861-9E96-8AD44CB2D08A}"
EndProject
Project("{2150E333-8FDC-42A3-9474-1A3956D46DE8}") = "Web Apps", "Web Apps", "{429721CC-D530-4780-B3A1-A08E49400A4D}"
EndProject
Project("{2150E333-8FDC-42A3-9474-1A3956D46DE8}") = "Service", "Service", "{7E4726C2-57AD-405C-B2B3-34931C6A375F}"
EndProject
Project("{2150E333-8FDC-42A3-9474-1A3956D46DE8}") = "Web Apps", "Web Apps", "{25406F21-862D-4500-BF81-C3F7442F053C}"
EndProject
Project("{2150E333-8FDC-42A3-9474-1A3956D46DE8}") = "Service", "Service", "{41BB9BC5-FF26-4994-8088-BAF5A5EB9D50}"
EndProject
Project("{2150E333-8FDC-42A3-9474-1A3956D46DE8}") = "Web Apps", "Web Apps", "{68CB46C1-18ED-468B-9718-8AE39A2CA57D}"
EndProject
Project("{2150E333-8FDC-42A3-9474-1A3956D46DE8}") = "Service", "Service", "{E8822D7E-E82D-4768-966D-3E19CC33D3BF}"
EndProject
Project("{2150E333-8FDC-42A3-9474-1A3956D46DE8}") = "Web Apps", "Web Apps", "{363D7C44-1B72-4993-8AB1-E59C0DA731C1}"
EndProject
Project("{9A19103F-16F7-4668-BE54-9A1E7A4F7556}") = "Augua.SharedKernel.WebApps", "SharedKernel\Augua.SharedKernel.WebApps\Augua.SharedKernel.WebApps.csproj", "{3C314B00-C67E-4471-8CF7-A6AC3A2B22F5}"
EndProject
Project("{9A19103F-16F7-4668-BE54-9A1E7A4F7556}") = "Augua.Nexus.API", "Nexus\Service\Augua.Nexus.API\Augua.Nexus.API.csproj", "{67E1EF1F-7553-43C3-9E5B-D0AA166E4106}"
EndProject
Project("{9A19103F-16F7-4668-BE54-9A1E7A4F7556}") = "Augua.NexusWeb", "Nexus\Web Apps\Augua.NexusWeb\Augua.NexusWeb.csproj", "{11A0DF5A-9D1B-4546-A136-7076BC2EBDC9}"
EndProject
Project("{9A19103F-16F7-4668-BE54-9A1E7A4F7556}") = "Augua.SharedKernel.Utils", "SharedKernel\Augua.SharedKernel.Utils\Augua.SharedKernel.Utils.csproj", "{10176BD0-B4C5-44D6-A335-B9792E72E7EB}"
EndProject
Global
	GlobalSection(SolutionConfigurationPlatforms) = preSolution
		Debug|Any CPU = Debug|Any CPU
		Release|Any CPU = Release|Any CPU
	EndGlobalSection
	GlobalSection(ProjectConfigurationPlatforms) = postSolution
		{3C314B00-C67E-4471-8CF7-A6AC3A2B22F5}.Debug|Any CPU.ActiveCfg = Debug|Any CPU
		{3C314B00-C67E-4471-8CF7-A6AC3A2B22F5}.Debug|Any CPU.Build.0 = Debug|Any CPU
		{3C314B00-C67E-4471-8CF7-A6AC3A2B22F5}.Release|Any CPU.ActiveCfg = Release|Any CPU
		{3C314B00-C67E-4471-8CF7-A6AC3A2B22F5}.Release|Any CPU.Build.0 = Release|Any CPU
		{67E1EF1F-7553-43C3-9E5B-D0AA166E4106}.Debug|Any CPU.ActiveCfg = Debug|Any CPU
		{67E1EF1F-7553-43C3-9E5B-D0AA166E4106}.Debug|Any CPU.Build.0 = Debug|Any CPU
		{67E1EF1F-7553-43C3-9E5B-D0AA166E4106}.Release|Any CPU.ActiveCfg = Release|Any CPU
		{67E1EF1F-7553-43C3-9E5B-D0AA166E4106}.Release|Any CPU.Build.0 = Release|Any CPU
		{11A0DF5A-9D1B-4546-A136-7076BC2EBDC9}.Debug|Any CPU.ActiveCfg = Debug|Any CPU
		{11A0DF5A-9D1B-4546-A136-7076BC2EBDC9}.Debug|Any CPU.Build.0 = Debug|Any CPU
		{11A0DF5A-9D1B-4546-A136-7076BC2EBDC9}.Release|Any CPU.ActiveCfg = Release|Any CPU
		{11A0DF5A-9D1B-4546-A136-7076BC2EBDC9}.Release|Any CPU.Build.0 = Release|Any CPU
		{10176BD0-B4C5-44D6-A335-B9792E72E7EB}.Debug|Any CPU.ActiveCfg = Debug|Any CPU
		{10176BD0-B4C5-44D6-A335-B9792E72E7EB}.Debug|Any CPU.Build.0 = Debug|Any CPU
		{10176BD0-B4C5-44D6-A335-B9792E72E7EB}.Release|Any CPU.ActiveCfg = Release|Any CPU
		{10176BD0-B4C5-44D6-A335-B9792E72E7EB}.Release|Any CPU.Build.0 = Release|Any CPU
	EndGlobalSection
	GlobalSection(SolutionProperties) = preSolution
		HideSolutionNode = FALSE
	EndGlobalSection
	GlobalSection(NestedProjects) = preSolution
		{D10A92BF-89A1-4861-9E96-8AD44CB2D08A} = {E24ABCC1-5B0D-430D-82AD-448B9FBB83D0}
		{429721CC-D530-4780-B3A1-A08E49400A4D} = {E24ABCC1-5B0D-430D-82AD-448B9FBB83D0}
		{7E4726C2-57AD-405C-B2B3-34931C6A375F} = {1E8C5877-21C6-4285-BF89-2C2D01480B21}
		{25406F21-862D-4500-BF81-C3F7442F053C} = {1E8C5877-21C6-4285-BF89-2C2D01480B21}
		{41BB9BC5-FF26-4994-8088-BAF5A5EB9D50} = {9576DF73-C258-4106-A6C2-AB209E1DC1B7}
		{68CB46C1-18ED-468B-9718-8AE39A2CA57D} = {9576DF73-C258-4106-A6C2-AB209E1DC1B7}
		{E8822D7E-E82D-4768-966D-3E19CC33D3BF} = {B3E65247-0C93-4806-81D6-42695727FEB5}
		{363D7C44-1B72-4993-8AB1-E59C0DA731C1} = {B3E65247-0C93-4806-81D6-42695727FEB5}
		{3C314B00-C67E-4471-8CF7-A6AC3A2B22F5} = {9D4A8E00-7955-40CE-9F56-8C7B7F29B07B}
		{67E1EF1F-7553-43C3-9E5B-D0AA166E4106} = {7E4726C2-57AD-405C-B2B3-34931C6A375F}
		{11A0DF5A-9D1B-4546-A136-7076BC2EBDC9} = {25406F21-862D-4500-BF81-C3F7442F053C}
		{10176BD0-B4C5-44D6-A335-B9792E72E7EB} = {9D4A8E00-7955-40CE-9F56-8C7B7F29B07B}
	EndGlobalSection
	GlobalSection(ExtensibilityGlobals) = postSolution
		SolutionGuid = {325C1610-39CA-4DF2-A36D-22EBB2321E97}
	EndGlobalSection
EndGlobal
